<Solution>
  <Project Path="XIVLauncher.Account/XIVLauncher.Account.csproj" />
  <Project Path="XIVLauncher.Common/XIVLauncher.Common.csproj" />
  <Project Path="XIVLauncher.Common.Http/XIVLauncher.Common.Http.csproj" />
  <Project Path="XIVLauncher.Common.Unix/XIVLauncher.Common.Unix.csproj" />
  <Project Path="XIVLauncher.Dalamud/XIVLauncher.Dalamud.csproj" />
  <Project Path="XIVLauncher.GamePatchV3/XIVLauncher.GamePatchV3.csproj" />
  <Project Path="XIVLauncher.Linux/XIVLauncher.Linux.csproj" />
  <Project Path="XIVLauncher.Linux.Tests/XIVLauncher.Linux.Tests.csproj" />
  <Project Path="XIVLauncher.Login/XIVLauncher.Login.csproj" />
</Solution>
